
Microsoft Visual Studio Solution File, Format Version 12.00
# Visual Studio 15
VisualStudioVersion = 15.0.28010.2046
MinimumVisualStudioVersion = 10.0.40219.1
Project("{FAE04EC0-301F-11D3-BF4B-00C04F79EFBC}") = "TSDMFastRateTool", "TSDMFastRateTool\TSDMFastRateTool.csproj", "{77624D0A-29A4-4893-BE10-129A1736F140}"
EndProject
Global
	GlobalSection(SolutionConfigurationPlatforms) = preSolution
		Debug|Any CPU = Debug|Any CPU
		Release|Any CPU = Release|Any CPU
	EndGlobalSection
	GlobalSection(ProjectConfigurationPlatforms) = postSolution
		{77624D0A-29A4-4893-BE10-129A1736F140}.Debug|Any CPU.ActiveCfg = Debug|Any CPU
		{77624D0A-29A4-4893-BE10-129A1736F140}.Debug|Any CPU.Build.0 = Debug|Any CPU
		{77624D0A-29A4-4893-BE10-129A1736F140}.Release|Any CPU.ActiveCfg = Release|Any CPU
		{77624D0A-29A4-4893-BE10-129A1736F140}.Release|Any CPU.Build.0 = Release|Any CPU
	EndGlobalSection
	GlobalSection(SolutionProperties) = preSolution
		HideSolutionNode = FALSE
	EndGlobalSection
	GlobalSection(ExtensibilityGlobals) = postSolution
		SolutionGuid = {1CE74017-AF70-4141-89FB-6D829B0E34EC}
	EndGlobalSection
EndGlobal
